
Microsoft Visual Studio Solution File, Format Version 12.00
# Visual Studio Version 16
VisualStudioVersion = 16.0.30523.141
MinimumVisualStudioVersion = 10.0.40219.1
Project("{FAE04EC0-301F-11D3-BF4B-00C04F79EFBC}") = "Ejercicio7", "Ejercicio7\Ejercicio7.csproj", "{52263780-7AC7-4EC8-97CD-9A5F48174F5D}"
EndProject
Global
	GlobalSection(SolutionConfigurationPlatforms) = preSolution
		Debug|Any CPU = Debug|Any CPU
		Release|Any CPU = Release|Any CPU
	EndGlobalSection
	GlobalSection(ProjectConfigurationPlatforms) = postSolution
		{52263780-7AC7-4EC8-97CD-9A5F48174F5D}.Debug|Any CPU.ActiveCfg = Debug|Any CPU
		{52263780-7AC7-4EC8-97CD-9A5F48174F5D}.Debug|Any CPU.Build.0 = Debug|Any CPU
		{52263780-7AC7-4EC8-97CD-9A5F48174F5D}.Release|Any CPU.ActiveCfg = Release|Any CPU
		{52263780-7AC7-4EC8-97CD-9A5F48174F5D}.Release|Any CPU.Build.0 = Release|Any CPU
	EndGlobalSection
	GlobalSection(SolutionProperties) = preSolution
		HideSolutionNode = FALSE
	EndGlobalSection
	GlobalSection(ExtensibilityGlobals) = postSolution
		SolutionGuid = {27E28617-9461-48B8-95FC-A0C97825EF14}
	EndGlobalSection
EndGlobal
